// !$*UTF8*$!
{
	archiveVersion = 1;
	classes = {
	};
	objectVersion = 50;
	objects = {

/* Begin PBXBuildFile section */
		C0095E8E24D1FFB40000B1EC /* AppDelegate.swift in Sources */ = {isa = PBXBuildFile; fileRef = C0095E8D24D1FFB40000B1EC /* AppDelegate.swift */; };
		C0095E9024D1FFB40000B1EC /* SceneDelegate.swift in Sources */ = {isa = PBXBuildFile; fileRef = C0095E8F24D1FFB40000B1EC /* SceneDelegate.swift */; };
		C0095E9524D1FFB40000B1EC /* Main.storyboard in Resources */ = {isa = PBXBuildFile; fileRef = C0095E9324D1FFB40000B1EC /* Main.storyboard */; };
		C0095E9724D1FFB60000B1EC /* Assets.xcassets in Resources */ = {isa = PBXBuildFile; fileRef = C0095E9624D1FFB60000B1EC /* Assets.xcassets */; };
		C0095E9A24D1FFB60000B1EC /* LaunchScreen.storyboard in Resources */ = {isa = PBXBuildFile; fileRef = C0095E9824D1FFB60000B1EC /* LaunchScreen.storyboard */; };
		C0095EA824D2007C0000B1EC /* Feed.swift in Sources */ = {isa = PBXBuildFile; fileRef = C0095EA724D2007C0000B1EC /* Feed.swift */; };
		C0095EAA24D206210000B1EC /* AlbumCell.swift in Sources */ = {isa = PBXBuildFile; fileRef = C0095EA924D206210000B1EC /* AlbumCell.swift */; };
		C0095EAC24D20F080000B1EC /* Extensions.swift in Sources */ = {isa = PBXBuildFile; fileRef = C0095EAB24D20F080000B1EC /* Extensions.swift */; };
		C0095EAE24D212160000B1EC /* Album.swift in Sources */ = {isa = PBXBuildFile; fileRef = C0095EAD24D212160000B1EC /* Album.swift */; };
		C0095EB024D213B70000B1EC /* NetworkService.swift in Sources */ = {isa = PBXBuildFile; fileRef = C0095EAF24D213B70000B1EC /* NetworkService.swift */; };
		C0095EB224D270950000B1EC /* AlbumViewModel.swift in Sources */ = {isa = PBXBuildFile; fileRef = C0095EB124D270950000B1EC /* AlbumViewModel.swift */; };
		C05EE69B24D31D8C00C08BA8 /* DetailsVC.swift in Sources */ = {isa = PBXBuildFile; fileRef = C05EE69A24D31D8C00C08BA8 /* DetailsVC.swift */; };
		C05EE6A324D609B700C08BA8 /* Top_100_AlbumsTests.swift in Sources */ = {isa = PBXBuildFile; fileRef = C05EE6A224D609B700C08BA8 /* Top_100_AlbumsTests.swift */; };
/* End PBXBuildFile section */

/* Begin PBXContainerItemProxy section */
		C05EE6A524D609B700C08BA8 /* PBXContainerItemProxy */ = {
			isa = PBXContainerItemProxy;
			containerPortal = C0095E8224D1FFB40000B1EC /* Project object */;
			proxyType = 1;
			remoteGlobalIDString = C0095E8924D1FFB40000B1EC;
			remoteInfo = Top_100_Albums;
		};
/* End PBXContainerItemProxy section */

/* Begin PBXFileReference section */
		C0095E8A24D1FFB40000B1EC /* Top_100_Albums.app */ = {isa = PBXFileReference; explicitFileType = wrapper.application; includeInIndex = 0; path = Top_100_Albums.app; sourceTree = BUILT_PRODUCTS_DIR; };
		C0095E8D24D1FFB40000B1EC /* AppDelegate.swift */ = {isa = PBXFileReference; lastKnownFileType = sourcecode.swift; path = AppDelegate.swift; sourceTree = "<group>"; };
		C0095E8F24D1FFB40000B1EC /* SceneDelegate.swift */ = {isa = PBXFileReference; lastKnownFileType = sourcecode.swift; path = SceneDelegate.swift; sourceTree = "<group>"; };
		C0095E9424D1FFB40000B1EC /* Base */ = {isa = PBXFileReference; lastKnownFileType = file.storyboard; name = Base; path = Base.lproj/Main.storyboard; sourceTree = "<group>"; };
		C0095E9624D1FFB60000B1EC /* Assets.xcassets */ = {isa = PBXFileReference; lastKnownFileType = folder.assetcatalog; path = Assets.xcassets; sourceTree = "<group>"; };
		C0095E9924D1FFB60000B1EC /* Base */ = {isa = PBXFileReference; lastKnownFileType = file.storyboard; name = Base; path = Base.lproj/LaunchScreen.storyboard; sourceTree = "<group>"; };
		C0095E9B24D1FFB60000B1EC /* Info.plist */ = {isa = PBXFileReference; lastKnownFileType = text.plist.xml; path = Info.plist; sourceTree = "<group>"; };
		C0095EA724D2007C0000B1EC /* Feed.swift */ = {isa = PBXFileReference; lastKnownFileType = sourcecode.swift; path = Feed.swift; sourceTree = "<group>"; };
		C0095EA924D206210000B1EC /* AlbumCell.swift */ = {isa = PBXFileReference; lastKnownFileType = sourcecode.swift; path = AlbumCell.swift; sourceTree = "<group>"; };
		C0095EAB24D20F080000B1EC /* Extensions.swift */ = {isa = PBXFileReference; lastKnownFileType = sourcecode.swift; path = Extensions.swift; sourceTree = "<group>"; };
		C0095EAD24D212160000B1EC /* Album.swift */ = {isa = PBXFileReference; lastKnownFileType = sourcecode.swift; path = Album.swift; sourceTree = "<group>"; };
		C0095EAF24D213B70000B1EC /* NetworkService.swift */ = {isa = PBXFileReference; lastKnownFileType = sourcecode.swift; path = NetworkService.swift; sourceTree = "<group>"; };
		C0095EB124D270950000B1EC /* AlbumViewModel.swift */ = {isa = PBXFileReference; lastKnownFileType = sourcecode.swift; path = AlbumViewModel.swift; sourceTree = "<group>"; };
		C05EE69A24D31D8C00C08BA8 /* DetailsVC.swift */ = {isa = PBXFileReference; lastKnownFileType = sourcecode.swift; path = DetailsVC.swift; sourceTree = "<group>"; };
		C05EE6A024D609B700C08BA8 /* Top_100_AlbumsTests.xctest */ = {isa = PBXFileReference; explicitFileType = wrapper.cfbundle; includeInIndex = 0; path = Top_100_AlbumsTests.xctest; sourceTree = BUILT_PRODUCTS_DIR; };
		C05EE6A224D609B700C08BA8 /* Top_100_AlbumsTests.swift */ = {isa = PBXFileReference; lastKnownFileType = sourcecode.swift; path = Top_100_AlbumsTests.swift; sourceTree = "<group>"; };
		C05EE6A424D609B700C08BA8 /* Info.plist */ = {isa = PBXFileReference; lastKnownFileType = text.plist.xml; path = Info.plist; sourceTree = "<group>"; };
/* End PBXFileReference section */

/* Begin PBXFrameworksBuildPhase section */
		C0095E8724D1FFB40000B1EC /* Frameworks */ = {
			isa = PBXFrameworksBuildPhase;
			buildActionMask = 2147483647;
			files = (
			);
			runOnlyForDeploymentPostprocessing = 0;
		};
		C05EE69D24D609B700C08BA8 /* Frameworks */ = {
			isa = PBXFrameworksBuildPhase;
			buildActionMask = 2147483647;
			files = (
			);
			runOnlyForDeploymentPostprocessing = 0;
		};
/* End PBXFrameworksBuildPhase section */

/* Begin PBXGroup section */
		C0095E8124D1FFB40000B1EC = {
			isa = PBXGroup;
			children = (
				C0095E8C24D1FFB40000B1EC /* Top_100_Albums */,
				C05EE6A124D609B700C08BA8 /* Top_100_AlbumsTests */,
				C0095E8B24D1FFB40000B1EC /* Products */,
			);
			sourceTree = "<group>";
		};
		C0095E8B24D1FFB40000B1EC /* Products */ = {
			isa = PBXGroup;
			children = (
				C0095E8A24D1FFB40000B1EC /* Top_100_Albums.app */,
				C05EE6A024D609B700C08BA8 /* Top_100_AlbumsTests.xctest */,
			);
			name = Products;
			sourceTree = "<group>";
		};
		C0095E8C24D1FFB40000B1EC /* Top_100_Albums */ = {
			isa = PBXGroup;
			children = (
				C0095E8D24D1FFB40000B1EC /* AppDelegate.swift */,
				C0095E8F24D1FFB40000B1EC /* SceneDelegate.swift */,
				C0095E9324D1FFB40000B1EC /* Main.storyboard */,
				C0095E9624D1FFB60000B1EC /* Assets.xcassets */,
				C0095E9824D1FFB60000B1EC /* LaunchScreen.storyboard */,
				C0095E9B24D1FFB60000B1EC /* Info.plist */,
				C0095EA624D2002D0000B1EC /* Model */,
				C0095EA524D200250000B1EC /* View */,
				C0095EA424D2001D0000B1EC /* ViewModel */,
				C0095EA324D200180000B1EC /* Controllers */,
				C0095EA224D2000E0000B1EC /* API */,
				C0095EA124D200070000B1EC /* Helpers */,
			);
			path = Top_100_Albums;
			sourceTree = "<group>";
		};
		C0095EA124D200070000B1EC /* Helpers */ = {
			isa = PBXGroup;
			children = (
				C0095EAB24D20F080000B1EC /* Extensions.swift */,
			);
			path = Helpers;
			sourceTree = "<group>";
		};
		C0095EA224D2000E0000B1EC /* API */ = {
			isa = PBXGroup;
			children = (
				C0095EAF24D213B70000B1EC /* NetworkService.swift */,
			);
			path = API;
			sourceTree = "<group>";
		};
		C0095EA324D200180000B1EC /* Controllers */ = {
			isa = PBXGroup;
			children = (
				C0095EA724D2007C0000B1EC /* Feed.swift */,
				C05EE69A24D31D8C00C08BA8 /* DetailsVC.swift */,
			);
			path = Controllers;
			sourceTree = "<group>";
		};
		C0095EA424D2001D0000B1EC /* ViewModel */ = {
			isa = PBXGroup;
			children = (
				C0095EB124D270950000B1EC /* AlbumViewModel.swift */,
			);
			path = ViewModel;
			sourceTree = "<group>";
		};
		C0095EA524D200250000B1EC /* View */ = {
			isa = PBXGroup;
			children = (
				C0095EA924D206210000B1EC /* AlbumCell.swift */,
			);
			path = View;
			sourceTree = "<group>";
		};
		C0095EA624D2002D0000B1EC /* Model */ = {
			isa = PBXGroup;
			children = (
				C0095EAD24D212160000B1EC /* Album.swift */,
			);
			path = Model;
			sourceTree = "<group>";
		};
		C05EE6A124D609B700C08BA8 /* Top_100_AlbumsTests */ = {
			isa = PBXGroup;
			children = (
				C05EE6A224D609B700C08BA8 /* Top_100_AlbumsTests.swift */,
				C05EE6A424D609B700C08BA8 /* Info.plist */,
			);
			path = Top_100_AlbumsTests;
			sourceTree = "<group>";
		};
/* End PBXGroup section */

/* Begin PBXNativeTarget section */
		C0095E8924D1FFB40000B1EC /* Top_100_Albums */ = {
			isa = PBXNativeTarget;
			buildConfigurationList = C0095E9E24D1FFB60000B1EC /* Build configuration list for PBXNativeTarget "Top_100_Albums" */;
			buildPhases = (
				C0095E8624D1FFB40000B1EC /* Sources */,
				C0095E8724D1FFB40000B1EC /* Frameworks */,
				C0095E8824D1FFB40000B1EC /* Resources */,
			);
			buildRules = (
			);
			dependencies = (
			);
			name = Top_100_Albums;
			productName = Top_100_Albums;
			productReference = C0095E8A24D1FFB40000B1EC /* Top_100_Albums.app */;
			productType = "com.apple.product-type.application";
		};
		C05EE69F24D609B700C08BA8 /* Top_100_AlbumsTests */ = {
			isa = PBXNativeTarget;
			buildConfigurationList = C05EE6A924D609B700C08BA8 /* Build configuration list for PBXNativeTarget "Top_100_AlbumsTests" */;
			buildPhases = (
				C05EE69C24D609B700C08BA8 /* Sources */,
				C05EE69D24D609B700C08BA8 /* Frameworks */,
				C05EE69E24D609B700C08BA8 /* Resources */,
			);
			buildRules = (
			);
			dependencies = (
				C05EE6A624D609B700C08BA8 /* PBXTargetDependency */,
			);
			name = Top_100_AlbumsTests;
			productName = Top_100_AlbumsTests;
			productReference = C05EE6A024D609B700C08BA8 /* Top_100_AlbumsTests.xctest */;
			productType = "com.apple.product-type.bundle.unit-test";
		};
/* End PBXNativeTarget section */

/* Begin PBXProject section */
		C0095E8224D1FFB40000B1EC /* Project object */ = {
			isa = PBXProject;
			attributes = {
				LastSwiftUpdateCheck = 1140;
				LastUpgradeCheck = 1140;
				ORGANIZATIONNAME = "Abdul Diallo";
				TargetAttributes = {
					C0095E8924D1FFB40000B1EC = {
						CreatedOnToolsVersion = 11.4.1;
					};
					C05EE69F24D609B700C08BA8 = {
						CreatedOnToolsVersion = 11.4.1;
						TestTargetID = C0095E8924D1FFB40000B1EC;
					};
				};
			};
			buildConfigurationList = C0095E8524D1FFB40000B1EC /* Build configuration list for PBXProject "Top_100_Albums" */;
			compatibilityVersion = "Xcode 9.3";
			developmentRegion = en;
			hasScannedForEncodings = 0;
			knownRegions = (
				en,
				Base,
			);
			mainGroup = C0095E8124D1FFB40000B1EC;
			productRefGroup = C0095E8B24D1FFB40000B1EC /* Products */;
			projectDirPath = "";
			projectRoot = "";
			targets = (
				C0095E8924D1FFB40000B1EC /* Top_100_Albums */,
				C05EE69F24D609B700C08BA8 /* Top_100_AlbumsTests */,
			);
		};
/* End PBXProject section */

/* Begin PBXResourcesBuildPhase section */
		C0095E8824D1FFB40000B1EC /* Resources */ = {
			isa = PBXResourcesBuildPhase;
			buildActionMask = 2147483647;
			files = (
				C0095E9A24D1FFB60000B1EC /* LaunchScreen.storyboard in Resources */,
				C0095E9724D1FFB60000B1EC /* Assets.xcassets in Resources */,
				C0095E9524D1FFB40000B1EC /* Main.storyboard in Resources */,
			);
			runOnlyForDeploymentPostprocessing = 0;
		};
		C05EE69E24D609B700C08BA8 /* Resources */ = {
			isa = PBXResourcesBuildPhase;
			buildActionMask = 2147483647;
			files = (
			);
			runOnlyForDeploymentPostprocessing = 0;
		};
/* End PBXResourcesBuildPhase section */

/* Begin PBXSourcesBuildPhase section */
		C0095E8624D1FFB40000B1EC /* Sources */ = {
			isa = PBXSourcesBuildPhase;
			buildActionMask = 2147483647;
			files = (
				C0095EAC24D20F080000B1EC /* Extensions.swift in Sources */,
				C0095E8E24D1FFB40000B1EC /* AppDelegate.swift in Sources */,
				C0095EA824D2007C0000B1EC /* Feed.swift in Sources */,
				C0095E9024D1FFB40000B1EC /* SceneDelegate.swift in Sources */,
				C05EE69B24D31D8C00C08BA8 /* DetailsVC.swift in Sources */,
				C0095EB224D270950000B1EC /* AlbumViewModel.swift in Sources */,
				C0095EAA24D206210000B1EC /* AlbumCell.swift in Sources */,
				C0095EAE24D212160000B1EC /* Album.swift in Sources */,
				C0095EB024D213B70000B1EC /* NetworkService.swift in Sources */,
			);
			runOnlyForDeploymentPostprocessing = 0;
		};
		C05EE69C24D609B700C08BA8 /* Sources */ = {
			isa = PBXSourcesBuildPhase;
			buildActionMask = 2147483647;
			files = (
				C05EE6A324D609B700C08BA8 /* Top_100_AlbumsTests.swift in Sources */,
			);
			runOnlyForDeploymentPostprocessing = 0;
		};
/* End PBXSourcesBuildPhase section */

/* Begin PBXTargetDependency section */
		C05EE6A624D609B700C08BA8 /* PBXTargetDependency */ = {
			isa = PBXTargetDependency;
			target = C0095E8924D1FFB40000B1EC /* Top_100_Albums */;
			targetProxy = C05EE6A524D609B700C08BA8 /* PBXContainerItemProxy */;
		};
/* End PBXTargetDependency section */

/* Begin PBXVariantGroup section */
		C0095E9324D1FFB40000B1EC /* Main.storyboard */ = {
			isa = PBXVariantGroup;
			children = (
				C0095E9424D1FFB40000B1EC /* Base */,
			);
			name = Main.storyboard;
			sourceTree = "<group>";
		};
		C0095E9824D1FFB60000B1EC /* LaunchScreen.storyboard */ = {
			isa = PBXVariantGroup;
			children = (
				C0095E9924D1FFB60000B1EC /* Base */,
			);
			name = LaunchScreen.storyboard;
			sourceTree = "<group>";
		};
/* End PBXVariantGroup section */

/* Begin XCBuildConfiguration section */
		C0095E9C24D1FFB60000B1EC /* Debug */ = {
			isa = XCBuildConfiguration;
			buildSettings = {
				ALWAYS_SEARCH_USER_PATHS = NO;
				CLANG_ANALYZER_NONNULL = YES;
				CLANG_ANALYZER_NUMBER_OBJECT_CONVERSION = YES_AGGRESSIVE;
				CLANG_CXX_LANGUAGE_STANDARD = "gnu++14";
				CLANG_CXX_LIBRARY = "libc++";
				CLANG_ENABLE_MODULES = YES;
				CLANG_ENABLE_OBJC_ARC = YES;
				CLANG_ENABLE_OBJC_WEAK = YES;
				CLANG_WARN_BLOCK_CAPTURE_AUTORELEASING = YES;
				CLANG_WARN_BOOL_CONVERSION = YES;
				CLANG_WARN_COMMA = YES;
				CLANG_WARN_CONSTANT_CONVERSION = YES;
				CLANG_WARN_DEPRECATED_OBJC_IMPLEMENTATIONS = YES;
				CLANG_WARN_DIRECT_OBJC_ISA_USAGE = YES_ERROR;
				CLANG_WARN_DOCUMENTATION_COMMENTS = YES;
				CLANG_WARN_EMPTY_BODY = YES;
				CLANG_WARN_ENUM_CONVERSION = YES;
				CLANG_WARN_INFINITE_RECURSION = YES;
				CLANG_WARN_INT_CONVERSION = YES;
				CLANG_WARN_NON_LITERAL_NULL_CONVERSION = YES;
				CLANG_WARN_OBJC_IMPLICIT_RETAIN_SELF = YES;
				CLANG_WARN_OBJC_LITERAL_CONVERSION = YES;
				CLANG_WARN_OBJC_ROOT_CLASS = YES_ERROR;
				CLANG_WARN_RANGE_LOOP_ANALYSIS = YES;
				CLANG_WARN_STRICT_PROTOTYPES = YES;
				CLANG_WARN_SUSPICIOUS_MOVE = YES;
				CLANG_WARN_UNGUARDED_AVAILABILITY = YES_AGGRESSIVE;
				CLANG_WARN_UNREACHABLE_CODE = YES;
				CLANG_WARN__DUPLICATE_METHOD_MATCH = YES;
				COPY_PHASE_STRIP = NO;
				DEBUG_INFORMATION_FORMAT = dwarf;
				ENABLE_STRICT_OBJC_MSGSEND = YES;
				ENABLE_TESTABILITY = YES;
				GCC_C_LANGUAGE_STANDARD = gnu11;
				GCC_DYNAMIC_NO_PIC = NO;
				GCC_NO_COMMON_BLOCKS = YES;
				GCC_OPTIMIZATION_LEVEL = 0;
				GCC_PREPROCESSOR_DEFINITIONS = (
					"DEBUG=1",
					"$(inherited)",
				);
				GCC_WARN_64_TO_32_BIT_CONVERSION = YES;
				GCC_WARN_ABOUT_RETURN_TYPE = YES_ERROR;
				GCC_WARN_UNDECLARED_SELECTOR = YES;
				GCC_WARN_UNINITIALIZED_AUTOS = YES_AGGRESSIVE;
				GCC_WARN_UNUSED_FUNCTION = YES;
				GCC_WARN_UNUSED_VARIABLE = YES;
				IPHONEOS_DEPLOYMENT_TARGET = 13.4;
				MTL_ENABLE_DEBUG_INFO = INCLUDE_SOURCE;
				MTL_FAST_MATH = YES;
				ONLY_ACTIVE_ARCH = YES;
				SDKROOT = iphoneos;
				SWIFT_ACTIVE_COMPILATION_CONDITIONS = DEBUG;
				SWIFT_OPTIMIZATION_LEVEL = "-Onone";
			};
			name = Debug;
		};
		C0095E9D24D1FFB60000B1EC /* Release */ = {
			isa = XCBuildConfiguration;
			buildSettings = {
				ALWAYS_SEARCH_USER_PATHS = NO;
				CLANG_ANALYZER_NONNULL = YES;
				CLANG_ANALYZER_NUMBER_OBJECT_CONVERSION = YES_AGGRESSIVE;
				CLANG_CXX_LANGUAGE_STANDARD = "gnu++14";
				CLANG_CXX_LIBRARY = "libc++";
				CLANG_ENABLE_MODULES = YES;
				CLANG_ENABLE_OBJC_ARC = YES;
				CLANG_ENABLE_OBJC_WEAK = YES;
				CLANG_WARN_BLOCK_CAPTURE_AUTORELEASING = YES;
				CLANG_WARN_BOOL_CONVERSION = YES;
				CLANG_WARN_COMMA = YES;
				CLANG_WARN_CONSTANT_CONVERSION = YES;
				CLANG_WARN_DEPRECATED_OBJC_IMPLEMENTATIONS = YES;
				CLANG_WARN_DIRECT_OBJC_ISA_USAGE = YES_ERROR;
				CLANG_WARN_DOCUMENTATION_COMMENTS = YES;
				CLANG_WARN_EMPTY_BODY = YES;
				CLANG_WARN_ENUM_CONVERSION = YES;
				CLANG_WARN_INFINITE_RECURSION = YES;
				CLANG_WARN_INT_CONVERSION = YES;
				CLANG_WARN_NON_LITERAL_NULL_CONVERSION = YES;
				CLANG_WARN_OBJC_IMPLICIT_RETAIN_SELF = YES;
				CLANG_WARN_OBJC_LITERAL_CONVERSION = YES;
				CLANG_WARN_OBJC_ROOT_CLASS = YES_ERROR;
				CLANG_WARN_RANGE_LOOP_ANALYSIS = YES;
				CLANG_WARN_STRICT_PROTOTYPES = YES;
				CLANG_WARN_SUSPICIOUS_MOVE = YES;
				CLANG_WARN_UNGUARDED_AVAILABILITY = YES_AGGRESSIVE;
				CLANG_WARN_UNREACHABLE_CODE = YES;
				CLANG_WARN__DUPLICATE_METHOD_MATCH = YES;
				COPY_PHASE_STRIP = NO;
				DEBUG_INFORMATION_FORMAT = "dwarf-with-dsym";
				ENABLE_NS_ASSERTIONS = NO;
				ENABLE_STRICT_OBJC_MSGSEND = YES;
				GCC_C_LANGUAGE_STANDARD = gnu11;
				GCC_NO_COMMON_BLOCKS = YES;
				GCC_WARN_64_TO_32_BIT_CONVERSION = YES;
				GCC_WARN_ABOUT_RETURN_TYPE = YES_ERROR;
				GCC_WARN_UNDECLARED_SELECTOR = YES;
				GCC_WARN_UNINITIALIZED_AUTOS = YES_AGGRESSIVE;
				GCC_WARN_UNUSED_FUNCTION = YES;
				GCC_WARN_UNUSED_VARIABLE = YES;
				IPHONEOS_DEPLOYMENT_TARGET = 13.4;
				MTL_ENABLE_DEBUG_INFO = NO;
				MTL_FAST_MATH = YES;
				SDKROOT = iphoneos;
				SWIFT_COMPILATION_MODE = wholemodule;
				SWIFT_OPTIMIZATION_LEVEL = "-O";
				VALIDATE_PRODUCT = YES;
			};
			name = Release;
		};
		C0095E9F24D1FFB60000B1EC /* Debug */ = {
			isa = XCBuildConfiguration;
			buildSettings = {
				ASSETCATALOG_COMPILER_APPICON_NAME = AppIcon;
				CODE_SIGN_STYLE = Automatic;
				DEVELOPMENT_TEAM = ZNY957A2G6;
				INFOPLIST_FILE = Top_100_Albums/Info.plist;
				LD_RUNPATH_SEARCH_PATHS = (
					"$(inherited)",
					"@executable_path/Frameworks",
				);
				PRODUCT_BUNDLE_IDENTIFIER = "abdulCo.Top-100-Albums";
				PRODUCT_NAME = "$(TARGET_NAME)";
				SWIFT_VERSION = 5.0;
				TARGETED_DEVICE_FAMILY = "1,2";
			};
			name = Debug;
		};
		C0095EA024D1FFB60000B1EC /* Release */ = {
			isa = XCBuildConfiguration;
			buildSettings = {
				ASSETCATALOG_COMPILER_APPICON_NAME = AppIcon;
				CODE_SIGN_STYLE = Automatic;
				DEVELOPMENT_TEAM = ZNY957A2G6;
				INFOPLIST_FILE = Top_100_Albums/Info.plist;
				LD_RUNPATH_SEARCH_PATHS = (
					"$(inherited)",
					"@executable_path/Frameworks",
				);
				PRODUCT_BUNDLE_IDENTIFIER = "abdulCo.Top-100-Albums";
				PRODUCT_NAME = "$(TARGET_NAME)";
				SWIFT_VERSION = 5.0;
				TARGETED_DEVICE_FAMILY = "1,2";
			};
			name = Release;
		};
		C05EE6A724D609B700C08BA8 /* Debug */ = {
			isa = XCBuildConfiguration;
			buildSettings = {
				BUNDLE_LOADER = "$(TEST_HOST)";
				CODE_SIGN_STYLE = Automatic;
				DEVELOPMENT_TEAM = ZNY957A2G6;
				INFOPLIST_FILE = Top_100_AlbumsTests/Info.plist;
				LD_RUNPATH_SEARCH_PATHS = (
					"$(inherited)",
					"@executable_path/Frameworks",
					"@loader_path/Frameworks",
				);
				PRODUCT_BUNDLE_IDENTIFIER = "abdulCo.Top-100-AlbumsTests";
				PRODUCT_NAME = "$(TARGET_NAME)";
				SWIFT_VERSION = 5.0;
				TARGETED_DEVICE_FAMILY = "1,2";
				TEST_HOST = "$(BUILT_PRODUCTS_DIR)/Top_100_Albums.app/Top_100_Albums";
			};
			name = Debug;
		};
		C05EE6A824D609B700C08BA8 /* Release */ = {
			isa = XCBuildConfiguration;
			buildSettings = {
				BUNDLE_LOADER = "$(TEST_HOST)";
				CODE_SIGN_STYLE = Automatic;
				DEVELOPMENT_TEAM = ZNY957A2G6;
				INFOPLIST_FILE = Top_100_AlbumsTests/Info.plist;
				LD_RUNPATH_SEARCH_PATHS = (
					"$(inherited)",
					"@executable_path/Frameworks",
					"@loader_path/Frameworks",
				);
				PRODUCT_BUNDLE_IDENTIFIER = "abdulCo.Top-100-AlbumsTests";
				PRODUCT_NAME = "$(TARGET_NAME)";
				SWIFT_VERSION = 5.0;
				TARGETED_DEVICE_FAMILY = "1,2";
				TEST_HOST = "$(BUILT_PRODUCTS_DIR)/Top_100_Albums.app/Top_100_Albums";
			};
			name = Release;
		};
/* End XCBuildConfiguration section */

/* Begin XCConfigurationList section */
		C0095E8524D1FFB40000B1EC /* Build configuration list for PBXProject "Top_100_Albums" */ = {
			isa = XCConfigurationList;
			buildConfigurations = (
				C0095E9C24D1FFB60000B1EC /* Debug */,
				C0095E9D24D1FFB60000B1EC /* Release */,
			);
			defaultConfigurationIsVisible = 0;
			defaultConfigurationName = Release;
		};
		C0095E9E24D1FFB60000B1EC /* Build configuration list for PBXNativeTarget "Top_100_Albums" */ = {
			isa = XCConfigurationList;
			buildConfigurations = (
				C0095E9F24D1FFB60000B1EC /* Debug */,
				C0095EA024D1FFB60000B1EC /* Release */,
			);
			defaultConfigurationIsVisible = 0;
			defaultConfigurationName = Release;
		};
		C05EE6A924D609B700C08BA8 /* Build configuration list for PBXNativeTarget "Top_100_AlbumsTests" */ = {
			isa = XCConfigurationList;
			buildConfigurations = (
				C05EE6A724D609B700C08BA8 /* Debug */,
				C05EE6A824D609B700C08BA8 /* Release */,
			);
			defaultConfigurationIsVisible = 0;
			defaultConfigurationName = Release;
		};
/* End XCConfigurationList section */
	};
	rootObject = C0095E8224D1FFB40000B1EC /* Project object */;
}
